
Microsoft Visual Studio Solution File, Format Version 12.00
# Visual Studio Version 17
VisualStudioVersion = 17.5.33516.290
MinimumVisualStudioVersion = 10.0.40219.1
Project("{FAE04EC0-301F-11D3-BF4B-00C04F79EFBC}") = "dor", "dor\dor.csproj", "{844C785A-BD73-4FAF-A40F-BDADAE03AF18}"
EndProject
Global
	GlobalSection(SolutionConfigurationPlatforms) = preSolution
		Debug|Any CPU = Debug|Any CPU
		Release|Any CPU = Release|Any CPU
	EndGlobalSection
	GlobalSection(ProjectConfigurationPlatforms) = postSolution
		{844C785A-BD73-4FAF-A40F-BDADAE03AF18}.Debug|Any CPU.ActiveCfg = Debug|Any CPU
		{844C785A-BD73-4FAF-A40F-BDADAE03AF18}.Debug|Any CPU.Build.0 = Debug|Any CPU
		{844C785A-BD73-4FAF-A40F-BDADAE03AF18}.Release|Any CPU.ActiveCfg = Release|Any CPU
		{844C785A-BD73-4FAF-A40F-BDADAE03AF18}.Release|Any CPU.Build.0 = Release|Any CPU
	EndGlobalSection
	GlobalSection(SolutionProperties) = preSolution
		HideSolutionNode = FALSE
	EndGlobalSection
	GlobalSection(ExtensibilityGlobals) = postSolution
		SolutionGuid = {8304FE88-0FD7-429F-8928-5CEAF033DF82}
	EndGlobalSection
EndGlobal
